# Run ./gradlew --write-locks to regenerate this file
cglib:cglib-nodep:3.1 (1 constraints: 2a0e1330)
com.fasterxml.jackson.core:jackson-annotations:2.9.0 (3 constraints: 01383b0e)
com.fasterxml.jackson.core:jackson-core:2.9.9 (7 constraints: a09b6fec)
com.fasterxml.jackson.core:jackson-databind:2.9.9 (8 constraints: d2a3a198)
com.fasterxml.jackson.dataformat:jackson-dataformat-cbor:2.9.8 (1 constraints: 591c3588)
com.fasterxml.jackson.dataformat:jackson-dataformat-yaml:2.9.9 (1 constraints: ce15d3d2)
com.fasterxml.jackson.datatype:jackson-datatype-guava:2.9.8 (1 constraints: 591c3588)
com.fasterxml.jackson.datatype:jackson-datatype-jdk8:2.9.8 (1 constraints: 591c3588)
com.fasterxml.jackson.datatype:jackson-datatype-jsr310:2.9.8 (1 constraints: 591c3588)
com.fasterxml.jackson.module:jackson-module-afterburner:2.9.8 (1 constraints: 591c3588)
com.github.zafarkhaja:java-semver:0.9.0 (1 constraints: c315c0d2)
com.google.code.findbugs:jsr305:3.0.2 (1 constraints: 980fcc86)
com.google.errorprone:error_prone_annotations:2.3.3 (1 constraints: 041129c0)
com.google.guava:guava:21.0 (2 constraints: d22b3bd3)
com.jayway.awaitility:awaitility:1.7.0 (1 constraints: c215bfd2)
com.palantir.conjure.java:conjure-lib:4.0.0 (1 constraints: 281b3b45)
com.palantir.conjure.java.api:errors:2.3.0 (1 constraints: ed0f7399)
com.palantir.conjure.java.runtime:conjure-java-jackson-serialization:4.18.1 (1 constraints: f815c6e8)
com.palantir.docker.compose:docker-compose-junit-jupiter:1.3.0 (1 constraints: 0605f935)
com.palantir.docker.compose:docker-compose-rule-core:1.3.0 (3 constraints: 0133eebe)
com.palantir.docker.compose:docker-compose-rule-events-api-objects:1.3.0 (1 constraints: be15b3d2)
com.palantir.docker.compose:docker-compose-rule-junit4:1.3.0 (1 constraints: 0605f935)
com.palantir.ri:resource-identifier:1.0.1 (1 constraints: ea0f6699)
com.palantir.safe-logging:preconditions:1.10.1 (3 constraints: 8c2def30)
com.palantir.safe-logging:safe-logging:1.10.1 (2 constraints: c820a154)
com.palantir.tokens:auth-tokens:3.6.1 (1 constraints: f20f8299)
commons-io:commons-io:2.6 (1 constraints: 64156da7)
javax.annotation:javax.annotation-api:1.3.2 (1 constraints: ee0f7099)
javax.ws.rs:javax.ws.rs-api:2.1 (1 constraints: 8d0fc779)
joda-time:joda-time:2.10.3 (1 constraints: f015a4e8)
junit:junit:4.12 (2 constraints: 221b384a)
one.util:streamex:0.7.0 (2 constraints: d01ac53b)
org.apache.commons:commons-lang3:3.7 (1 constraints: 661571a7)
org.apiguardian:apiguardian-api:1.1.0 (5 constraints: 0654a8a8)
org.hamcrest:hamcrest:2.1 (1 constraints: 710b94d5)
org.hamcrest:hamcrest-core:2.1 (4 constraints: 103676aa)
org.hamcrest:hamcrest-library:1.3 (1 constraints: 2a0e0f30)
org.junit.jupiter:junit-jupiter-api:5.5.2 (4 constraints: fc46ed69)
org.junit.platform:junit-platform-commons:1.5.2 (2 constraints: d720664a)
org.objenesis:objenesis:2.6 (2 constraints: dc181aa4)
org.opentest4j:opentest4j:1.2.0 (2 constraints: cd205b49)
org.slf4j:slf4j-api:1.7.25 (2 constraints: 062441b3)
org.yaml:snakeyaml:1.23 (1 constraints: 6e17f627)

[Test dependencies]
net.bytebuddy:byte-buddy:1.9.10 (1 constraints: 450b52de)
net.bytebuddy:byte-buddy-agent:1.9.10 (1 constraints: 450b52de)
org.assertj:assertj-core:3.13.2 (1 constraints: 3b05403b)
org.junit.jupiter:junit-jupiter:5.5.2 (1 constraints: 0e051536)
org.junit.jupiter:junit-jupiter-engine:5.5.2 (1 constraints: 090ed63b)
org.junit.jupiter:junit-jupiter-params:5.5.2 (1 constraints: 090ed63b)
org.junit.platform:junit-platform-engine:1.5.2 (1 constraints: a8101eb4)
org.mockito:mockito-core:3.0.0 (1 constraints: 0505fa35)
