# Run ./gradlew writeVersionsLocks to regenerate this file. Blank lines are to minimize merge conflicts.

com.fasterxml.jackson.core:jackson-annotations:2.22 (7 constraints: b076d249)

com.fasterxml.jackson.core:jackson-core:2.22.1 (9 constraints: f6cab998)

com.fasterxml.jackson.core:jackson-databind:2.22.1 (12 constraints: c6023284)

com.fasterxml.jackson.dataformat:jackson-dataformat-cbor:2.22.1 (1 constraints: 7e1c99a4)

com.fasterxml.jackson.dataformat:jackson-dataformat-smile:2.22.1 (1 constraints: 7e1c99a4)

com.fasterxml.jackson.dataformat:jackson-dataformat-yaml:2.22.1 (1 constraints: f415b2e8)

com.fasterxml.jackson.datatype:jackson-datatype-guava:2.22.1 (1 constraints: 7e1c99a4)

com.fasterxml.jackson.datatype:jackson-datatype-jdk8:2.22.1 (1 constraints: 7e1c99a4)

com.fasterxml.jackson.datatype:jackson-datatype-joda:2.22.1 (1 constraints: 7e1c99a4)

com.fasterxml.jackson.datatype:jackson-datatype-jsr310:2.22.1 (1 constraints: 7e1c99a4)

com.fasterxml.jackson.module:jackson-module-afterburner:2.22.1 (1 constraints: 7e1c99a4)

com.github.zafarkhaja:java-semver:0.9.0 (1 constraints: c315c0d2)

com.google.auto.service:auto-service-annotations:1.1.1 (1 constraints: 0505f435)

com.google.code.findbugs:jsr305:3.0.2 (2 constraints: ae19c301)

com.google.errorprone:error_prone_annotations:2.7.1 (3 constraints: 0c2bb2c0)

com.google.guava:guava:25.1-jre (2 constraints: 3f2d1985)

com.google.j2objc:j2objc-annotations:1.1 (1 constraints: b609eba0)

com.palantir.conjure.java:conjure-lib:5.67.0 (1 constraints: 661bc860)

com.palantir.conjure.java.api:errors:2.19.0 (1 constraints: 2410a5a9)

com.palantir.conjure.java.runtime:conjure-java-jackson-serialization:6.16.0 (1 constraints: f715cbe8)

com.palantir.docker.compose:docker-compose-junit-jupiter:2.3.0 (1 constraints: 0705fe35)

com.palantir.docker.compose:docker-compose-rule-core:2.3.0 (3 constraints: 0433bcbf)

com.palantir.docker.compose:docker-compose-rule-events-api-objects:2.3.0 (1 constraints: bf15b8d2)

com.palantir.docker.compose:docker-compose-rule-junit4:2.3.0 (1 constraints: 0705fe35)

com.palantir.ri:resource-identifier:1.3.0 (1 constraints: ec0f6e99)

com.palantir.safe-logging:preconditions:1.16.0 (4 constraints: 644ae273)

com.palantir.safe-logging:safe-logging:1.16.0 (2 constraints: f920db6c)

com.palantir.tokens:auth-tokens:3.9.0 (1 constraints: f40f8a99)

commons-io:commons-io:2.6 (1 constraints: 64156da7)

javax.annotation:javax.annotation-api:1.3.2 (1 constraints: f10f7399)

javax.ws.rs:javax.ws.rs-api:2.1.1 (1 constraints: f10f7399)

joda-time:joda-time:2.12.7 (2 constraints: 232ce739)

junit:junit:4.13.2 (2 constraints: 841bfe6b)

one.util:streamex:0.9.0 (2 constraints: cd1a423c)

org.apache.commons:commons-lang3:3.7 (1 constraints: 661571a7)

org.apiguardian:apiguardian-api:1.1.2 (5 constraints: 105480ac)

org.awaitility:awaitility:4.0.2 (1 constraints: c015bbd2)

org.checkerframework:checker-qual:2.0.0 (1 constraints: 140ae5b4)

org.codehaus.mojo:animal-sniffer-annotations:1.14 (1 constraints: ea09d5aa)

org.hamcrest:hamcrest:3.0 (3 constraints: 3d2cbd31)

org.hamcrest:hamcrest-core:3.0 (1 constraints: cc05fe3f)

org.jspecify:jspecify:1.0.0 (5 constraints: 0154b2a6)

org.junit.jupiter:junit-jupiter-api:6.1.3 (4 constraints: f646c168)

org.junit.platform:junit-platform-commons:6.1.3 (2 constraints: db20e44a)

org.opentest4j:opentest4j:1.3.0 (2 constraints: cf209249)

org.slf4j:slf4j-api:1.7.36 (2 constraints: 042493b3)

org.yaml:snakeyaml:2.5 (1 constraints: 3f178e10)



[Test dependencies]

net.bytebuddy:byte-buddy:1.18.13 (2 constraints: 9816a63e)

net.bytebuddy:byte-buddy-agent:1.18.13 (1 constraints: 460b40de)

org.assertj:assertj-core:3.27.7 (1 constraints: 4505553b)

org.junit.jupiter:junit-jupiter:6.1.3 (1 constraints: 0c050f36)

org.junit.jupiter:junit-jupiter-engine:6.1.3 (1 constraints: 070ed03b)

org.junit.jupiter:junit-jupiter-params:6.1.3 (1 constraints: 070ed03b)

org.junit.platform:junit-platform-engine:6.1.3 (1 constraints: aa102cb4)

org.mockito:mockito-core:4.4.0 (2 constraints: f11021d5)

org.mockito:mockito-inline:4.4.0 (1 constraints: 0a050b36)

org.objenesis:objenesis:3.2 (1 constraints: b10a13bd)
